
Microsoft Visual Studio Solution File, Format Version 12.00
# Visual Studio Version 16
VisualStudioVersion = 16.0.31129.286
MinimumVisualStudioVersion = 10.0.40219.1
Project("{FAE04EC0-301F-11D3-BF4B-00C04F79EFBC}") = "Sqrt_Ex", "Sqrt_Ex\Sqrt_Ex.csproj", "{00BC8202-5508-463D-9506-3B4FA92E788E}"
EndProject
Global
	GlobalSection(SolutionConfigurationPlatforms) = preSolution
		Debug|Any CPU = Debug|Any CPU
		Release|Any CPU = Release|Any CPU
	EndGlobalSection
	GlobalSection(ProjectConfigurationPlatforms) = postSolution
		{00BC8202-5508-463D-9506-3B4FA92E788E}.Debug|Any CPU.ActiveCfg = Debug|Any CPU
		{00BC8202-5508-463D-9506-3B4FA92E788E}.Debug|Any CPU.Build.0 = Debug|Any CPU
		{00BC8202-5508-463D-9506-3B4FA92E788E}.Release|Any CPU.ActiveCfg = Release|Any CPU
		{00BC8202-5508-463D-9506-3B4FA92E788E}.Release|Any CPU.Build.0 = Release|Any CPU
	EndGlobalSection
	GlobalSection(SolutionProperties) = preSolution
		HideSolutionNode = FALSE
	EndGlobalSection
	GlobalSection(ExtensibilityGlobals) = postSolution
		SolutionGuid = {85D512E2-BB71-41AF-8244-B135EEB14723}
	EndGlobalSection
EndGlobal
